Microsoft Visual Studio Solution File, Format Version 12.00
# Visual Studio Version 16
VisualStudioVersion = 16.0.30114.105
MinimumVisualStudioVersion = 10.0.40219.1
Project("{8BC9CEB8-8B4A-11D0-8D11-00A0C91BC942}") = "QMeshLib", "QMeshLib\QMeshLib.vcxproj", "{44B3E29F-054C-3237-9DFF-94D8B7D9DE7F}"
EndProject
Project("{8BC9CEB8-8B4A-11D0-8D11-00A0C91BC942}") = "GLKLib", "GLKLib\GLKLib.vcxproj", "{04A8FDCE-1173-321F-9D21-901B125D6784}"
	ProjectSection(ProjectDependencies) = postProject
		{44B3E29F-054C-3237-9DFF-94D8B7D9DE7F} = {44B3E29F-054C-3237-9DFF-94D8B7D9DE7F}
	EndProjectSection
EndProject
Project("{8BC9CEB8-8B4A-11D0-8D11-00A0C91BC942}") = "ShapeLab", "ShapeLab\ShapeLab.vcxproj", "{EF976766-1AC3-3973-859B-DAFD39199E8E}"
	ProjectSection(ProjectDependencies) = postProject
		{44B3E29F-054C-3237-9DFF-94D8B7D9DE7F} = {44B3E29F-054C-3237-9DFF-94D8B7D9DE7F}
		{04A8FDCE-1173-321F-9D21-901B125D6784} = {04A8FDCE-1173-321F-9D21-901B125D6784}
	EndProjectSection
EndProject
Global
	GlobalSection(SolutionConfigurationPlatforms) = preSolution
		Debug|x64 = Debug|x64
		Release|x64 = Release|x64
	EndGlobalSection
	GlobalSection(ProjectConfigurationPlatforms) = postSolution
		{44B3E29F-054C-3237-9DFF-94D8B7D9DE7F}.Debug|x64.ActiveCfg = Debug|x64
		{44B3E29F-054C-3237-9DFF-94D8B7D9DE7F}.Debug|x64.Build.0 = Debug|x64
		{44B3E29F-054C-3237-9DFF-94D8B7D9DE7F}.Release|x64.ActiveCfg = Release|x64
		{44B3E29F-054C-3237-9DFF-94D8B7D9DE7F}.Release|x64.Build.0 = Release|x64
		{04A8FDCE-1173-321F-9D21-901B125D6784}.Debug|x64.ActiveCfg = Debug|x64
		{04A8FDCE-1173-321F-9D21-901B125D6784}.Debug|x64.Build.0 = Debug|x64
		{04A8FDCE-1173-321F-9D21-901B125D6784}.Release|x64.ActiveCfg = Release|x64
		{04A8FDCE-1173-321F-9D21-901B125D6784}.Release|x64.Build.0 = Release|x64
		{EF976766-1AC3-3973-859B-DAFD39199E8E}.Debug|x64.ActiveCfg = Debug|x64
		{EF976766-1AC3-3973-859B-DAFD39199E8E}.Debug|x64.Build.0 = Debug|x64
		{EF976766-1AC3-3973-859B-DAFD39199E8E}.Release|x64.ActiveCfg = Release|x64
		{EF976766-1AC3-3973-859B-DAFD39199E8E}.Release|x64.Build.0 = Release|x64
	EndGlobalSection
	GlobalSection(SolutionProperties) = preSolution
		HideSolutionNode = FALSE
	EndGlobalSection
	GlobalSection(ExtensibilityGlobals) = postSolution
		Qt5Version = msvc2017_64
		SolutionGuid = {4C22DB7E-AFF5-452E-ADE6-D32F2CDEA34C}
	EndGlobalSection
EndGlobal
