Microsoft Visual Studio Solution File, Format Version 12.00
# Visual Studio Version 16
VisualStudioVersion = 16.0.30804.86
MinimumVisualStudioVersion = 10.0.40219.1
Project("{8BC9CEB8-8B4A-11D0-8D11-00A0C91BC942}") = "QMeshLib", "QMeshLib\QMeshLib.vcxproj", "{5C807B1B-3D3D-36F1-BC25-38BC6E2497E0}"
EndProject
Project("{8BC9CEB8-8B4A-11D0-8D11-00A0C91BC942}") = "GLKLib", "GLKLib\GLKLib.vcxproj", "{C61CEB85-377A-3370-BEF5-2F1B3B7A0498}"
	ProjectSection(ProjectDependencies) = postProject
		{5C807B1B-3D3D-36F1-BC25-38BC6E2497E0} = {5C807B1B-3D3D-36F1-BC25-38BC6E2497E0}
	EndProjectSection
EndProject
Project("{8BC9CEB8-8B4A-11D0-8D11-00A0C91BC942}") = "ShapeLab", "ShapeLab\ShapeLab.vcxproj", "{B1D1465F-45F7-30E9-A989-5512FEC4969D}"
	ProjectSection(ProjectDependencies) = postProject
		{5C807B1B-3D3D-36F1-BC25-38BC6E2497E0} = {5C807B1B-3D3D-36F1-BC25-38BC6E2497E0}
		{C61CEB85-377A-3370-BEF5-2F1B3B7A0498} = {C61CEB85-377A-3370-BEF5-2F1B3B7A0498}
	EndProjectSection
EndProject
Global
	GlobalSection(SolutionConfigurationPlatforms) = preSolution
		Debug|x64 = Debug|x64
		Release|x64 = Release|x64
	EndGlobalSection
	GlobalSection(ProjectConfigurationPlatforms) = postSolution
		{5C807B1B-3D3D-36F1-BC25-38BC6E2497E0}.Debug|x64.ActiveCfg = Debug|x64
		{5C807B1B-3D3D-36F1-BC25-38BC6E2497E0}.Debug|x64.Build.0 = Debug|x64
		{5C807B1B-3D3D-36F1-BC25-38BC6E2497E0}.Release|x64.ActiveCfg = Release|x64
		{5C807B1B-3D3D-36F1-BC25-38BC6E2497E0}.Release|x64.Build.0 = Release|x64
		{C61CEB85-377A-3370-BEF5-2F1B3B7A0498}.Debug|x64.ActiveCfg = Debug|x64
		{C61CEB85-377A-3370-BEF5-2F1B3B7A0498}.Debug|x64.Build.0 = Debug|x64
		{C61CEB85-377A-3370-BEF5-2F1B3B7A0498}.Release|x64.ActiveCfg = Release|x64
		{C61CEB85-377A-3370-BEF5-2F1B3B7A0498}.Release|x64.Build.0 = Release|x64
		{B1D1465F-45F7-30E9-A989-5512FEC4969D}.Debug|x64.ActiveCfg = Debug|x64
		{B1D1465F-45F7-30E9-A989-5512FEC4969D}.Debug|x64.Build.0 = Debug|x64
		{B1D1465F-45F7-30E9-A989-5512FEC4969D}.Release|x64.ActiveCfg = Release|x64
		{B1D1465F-45F7-30E9-A989-5512FEC4969D}.Release|x64.Build.0 = Release|x64
	EndGlobalSection
	GlobalSection(SolutionProperties) = preSolution
		HideSolutionNode = FALSE
	EndGlobalSection
	GlobalSection(ExtensibilityGlobals) = postSolution
		Qt5Version = msvc2017_64
		SolutionGuid = {9C9946AF-6089-4EB8-A686-709807902EE1}
	EndGlobalSection
EndGlobal
